
Microsoft Visual Studio Solution File, Format Version 12.00
# Visual Studio 2013
VisualStudioVersion = 12.0.31101.0
MinimumVisualStudioVersion = 10.0.40219.1
Project("{FAE04EC0-301F-11D3-BF4B-00C04F79EFBC}") = "PadArray", "PadArray\PadArray.csproj", "{6006541C-28ED-4418-8623-61EB018CA316}"
EndProject
Project("{FAE04EC0-301F-11D3-BF4B-00C04F79EFBC}") = "UnitTestProject", "UnitTestProject\UnitTestProject.csproj", "{6546EDFC-1512-4BEC-BADE-71AEDA046FAD}"
EndProject
Global
	GlobalSection(SolutionConfigurationPlatforms) = preSolution
		Debug|Any CPU = Debug|Any CPU
		Release|Any CPU = Release|Any CPU
	EndGlobalSection
	GlobalSection(ProjectConfigurationPlatforms) = postSolution
		{6006541C-28ED-4418-8623-61EB018CA316}.Debug|Any CPU.ActiveCfg = Debug|Any CPU
		{6006541C-28ED-4418-8623-61EB018CA316}.Debug|Any CPU.Build.0 = Debug|Any CPU
		{6006541C-28ED-4418-8623-61EB018CA316}.Release|Any CPU.ActiveCfg = Release|Any CPU
		{6006541C-28ED-4418-8623-61EB018CA316}.Release|Any CPU.Build.0 = Release|Any CPU
		{6546EDFC-1512-4BEC-BADE-71AEDA046FAD}.Debug|Any CPU.ActiveCfg = Debug|Any CPU
		{6546EDFC-1512-4BEC-BADE-71AEDA046FAD}.Debug|Any CPU.Build.0 = Debug|Any CPU
		{6546EDFC-1512-4BEC-BADE-71AEDA046FAD}.Release|Any CPU.ActiveCfg = Release|Any CPU
		{6546EDFC-1512-4BEC-BADE-71AEDA046FAD}.Release|Any CPU.Build.0 = Release|Any CPU
	EndGlobalSection
	GlobalSection(SolutionProperties) = preSolution
		HideSolutionNode = FALSE
	EndGlobalSection
EndGlobal
