
Microsoft Visual Studio Solution File, Format Version 12.00
# Visual Studio 2013
VisualStudioVersion = 12.0.31101.0
MinimumVisualStudioVersion = 10.0.40219.1
Project("{FAE04EC0-301F-11D3-BF4B-00C04F79EFBC}") = "ReversePolishNotationCalculater", "ReversePolishNotationCalculater\ReversePolishNotationCalculater.csproj", "{D5A44DBD-1471-49BD-954B-26308E0FDBB8}"
EndProject
Project("{FAE04EC0-301F-11D3-BF4B-00C04F79EFBC}") = "UnitTestProject", "UnitTestProject\UnitTestProject.csproj", "{E344663D-944B-45AD-82EB-0DFDC74AB672}"
EndProject
Global
	GlobalSection(SolutionConfigurationPlatforms) = preSolution
		Debug|Any CPU = Debug|Any CPU
		Release|Any CPU = Release|Any CPU
	EndGlobalSection
	GlobalSection(ProjectConfigurationPlatforms) = postSolution
		{D5A44DBD-1471-49BD-954B-26308E0FDBB8}.Debug|Any CPU.ActiveCfg = Debug|Any CPU
		{D5A44DBD-1471-49BD-954B-26308E0FDBB8}.Debug|Any CPU.Build.0 = Debug|Any CPU
		{D5A44DBD-1471-49BD-954B-26308E0FDBB8}.Release|Any CPU.ActiveCfg = Release|Any CPU
		{D5A44DBD-1471-49BD-954B-26308E0FDBB8}.Release|Any CPU.Build.0 = Release|Any CPU
		{E344663D-944B-45AD-82EB-0DFDC74AB672}.Debug|Any CPU.ActiveCfg = Debug|Any CPU
		{E344663D-944B-45AD-82EB-0DFDC74AB672}.Debug|Any CPU.Build.0 = Debug|Any CPU
		{E344663D-944B-45AD-82EB-0DFDC74AB672}.Release|Any CPU.ActiveCfg = Release|Any CPU
		{E344663D-944B-45AD-82EB-0DFDC74AB672}.Release|Any CPU.Build.0 = Release|Any CPU
	EndGlobalSection
	GlobalSection(SolutionProperties) = preSolution
		HideSolutionNode = FALSE
	EndGlobalSection
EndGlobal
